// !$*UTF8*$!
{
	archiveVersion = 1;
	classes = {
	};
	objectVersion = 50;
	objects = {

/* Begin PBXBuildFile section */
		5CB049E42419443100DE62F7 /* AppDelegate.swift in Sources */ = {isa = PBXBuildFile; fileRef = 5CB049E32419443100DE62F7 /* AppDelegate.swift */; };
		5CB049E62419443100DE62F7 /* SceneDelegate.swift in Sources */ = {isa = PBXBuildFile; fileRef = 5CB049E52419443100DE62F7 /* SceneDelegate.swift */; };
		5CB049E82419443100DE62F7 /* ViewController.swift in Sources */ = {isa = PBXBuildFile; fileRef = 5CB049E72419443100DE62F7 /* ViewController.swift */; };
		5CB049EB2419443100DE62F7 /* Main.storyboard in Resources */ = {isa = PBXBuildFile; fileRef = 5CB049E92419443100DE62F7 /* Main.storyboard */; };
		5CB049ED2419443200DE62F7 /* Assets.xcassets in Resources */ = {isa = PBXBuildFile; fileRef = 5CB049EC2419443200DE62F7 /* Assets.xcassets */; };
		5CB049F02419443200DE62F7 /* LaunchScreen.storyboard in Resources */ = {isa = PBXBuildFile; fileRef = 5CB049EE2419443200DE62F7 /* LaunchScreen.storyboard */; };
		5CB049FB2419443200DE62F7 /* KatacoronavirusTests.swift in Sources */ = {isa = PBXBuildFile; fileRef = 5CB049FA2419443200DE62F7 /* KatacoronavirusTests.swift */; };
		5CB04A062419458100DE62F7 /* Kata.swift in Sources */ = {isa = PBXBuildFile; fileRef = 5CB04A052419458100DE62F7 /* Kata.swift */; };
/* End PBXBuildFile section */

/* Begin PBXContainerItemProxy section */
		5CB049F72419443200DE62F7 /* PBXContainerItemProxy */ = {
			isa = PBXContainerItemProxy;
			containerPortal = 5CB049D82419443100DE62F7 /* Project object */;
			proxyType = 1;
			remoteGlobalIDString = 5CB049DF2419443100DE62F7;
			remoteInfo = Katacoronavirus;
		};
/* End PBXContainerItemProxy section */

/* Begin PBXFileReference section */
		5CB049E02419443100DE62F7 /* Katacoronavirus.app */ = {isa = PBXFileReference; explicitFileType = wrapper.application; includeInIndex = 0; path = Katacoronavirus.app; sourceTree = BUILT_PRODUCTS_DIR; };
		5CB049E32419443100DE62F7 /* AppDelegate.swift */ = {isa = PBXFileReference; lastKnownFileType = sourcecode.swift; path = AppDelegate.swift; sourceTree = "<group>"; };
		5CB049E52419443100DE62F7 /* SceneDelegate.swift */ = {isa = PBXFileReference; lastKnownFileType = sourcecode.swift; path = SceneDelegate.swift; sourceTree = "<group>"; };
		5CB049E72419443100DE62F7 /* ViewController.swift */ = {isa = PBXFileReference; lastKnownFileType = sourcecode.swift; path = ViewController.swift; sourceTree = "<group>"; };
		5CB049EA2419443100DE62F7 /* Base */ = {isa = PBXFileReference; lastKnownFileType = file.storyboard; name = Base; path = Base.lproj/Main.storyboard; sourceTree = "<group>"; };
		5CB049EC2419443200DE62F7 /* Assets.xcassets */ = {isa = PBXFileReference; lastKnownFileType = folder.assetcatalog; path = Assets.xcassets; sourceTree = "<group>"; };
		5CB049EF2419443200DE62F7 /* Base */ = {isa = PBXFileReference; lastKnownFileType = file.storyboard; name = Base; path = Base.lproj/LaunchScreen.storyboard; sourceTree = "<group>"; };
		5CB049F12419443200DE62F7 /* Info.plist */ = {isa = PBXFileReference; lastKnownFileType = text.plist.xml; path = Info.plist; sourceTree = "<group>"; };
		5CB049F62419443200DE62F7 /* KatacoronavirusTests.xctest */ = {isa = PBXFileReference; explicitFileType = wrapper.cfbundle; includeInIndex = 0; path = KatacoronavirusTests.xctest; sourceTree = BUILT_PRODUCTS_DIR; };
		5CB049FA2419443200DE62F7 /* KatacoronavirusTests.swift */ = {isa = PBXFileReference; lastKnownFileType = sourcecode.swift; path = KatacoronavirusTests.swift; sourceTree = "<group>"; };
		5CB049FC2419443200DE62F7 /* Info.plist */ = {isa = PBXFileReference; lastKnownFileType = text.plist.xml; path = Info.plist; sourceTree = "<group>"; };
		5CB04A052419458100DE62F7 /* Kata.swift */ = {isa = PBXFileReference; lastKnownFileType = sourcecode.swift; path = Kata.swift; sourceTree = "<group>"; };
/* End PBXFileReference section */

/* Begin PBXFrameworksBuildPhase section */
		5CB049DD2419443100DE62F7 /* Frameworks */ = {
			isa = PBXFrameworksBuildPhase;
			buildActionMask = 2147483647;
			files = (
			);
			runOnlyForDeploymentPostprocessing = 0;
		};
		5CB049F32419443200DE62F7 /* Frameworks */ = {
			isa = PBXFrameworksBuildPhase;
			buildActionMask = 2147483647;
			files = (
			);
			runOnlyForDeploymentPostprocessing = 0;
		};
/* End PBXFrameworksBuildPhase section */

/* Begin PBXGroup section */
		5CB049D72419443100DE62F7 = {
			isa = PBXGroup;
			children = (
				5CB049E22419443100DE62F7 /* Katacoronavirus */,
				5CB049F92419443200DE62F7 /* KatacoronavirusTests */,
				5CB049E12419443100DE62F7 /* Products */,
			);
			sourceTree = "<group>";
		};
		5CB049E12419443100DE62F7 /* Products */ = {
			isa = PBXGroup;
			children = (
				5CB049E02419443100DE62F7 /* Katacoronavirus.app */,
				5CB049F62419443200DE62F7 /* KatacoronavirusTests.xctest */,
			);
			name = Products;
			sourceTree = "<group>";
		};
		5CB049E22419443100DE62F7 /* Katacoronavirus */ = {
			isa = PBXGroup;
			children = (
				5CB049E32419443100DE62F7 /* AppDelegate.swift */,
				5CB049E52419443100DE62F7 /* SceneDelegate.swift */,
				5CB049E72419443100DE62F7 /* ViewController.swift */,
				5CB049E92419443100DE62F7 /* Main.storyboard */,
				5CB049EC2419443200DE62F7 /* Assets.xcassets */,
				5CB049EE2419443200DE62F7 /* LaunchScreen.storyboard */,
				5CB049F12419443200DE62F7 /* Info.plist */,
				5CB04A052419458100DE62F7 /* Kata.swift */,
			);
			path = Katacoronavirus;
			sourceTree = "<group>";
		};
		5CB049F92419443200DE62F7 /* KatacoronavirusTests */ = {
			isa = PBXGroup;
			children = (
				5CB049FA2419443200DE62F7 /* KatacoronavirusTests.swift */,
				5CB049FC2419443200DE62F7 /* Info.plist */,
			);
			path = KatacoronavirusTests;
			sourceTree = "<group>";
		};
/* End PBXGroup section */

/* Begin PBXNativeTarget section */
		5CB049DF2419443100DE62F7 /* Katacoronavirus */ = {
			isa = PBXNativeTarget;
			buildConfigurationList = 5CB049FF2419443200DE62F7 /* Build configuration list for PBXNativeTarget "Katacoronavirus" */;
			buildPhases = (
				5CB049DC2419443100DE62F7 /* Sources */,
				5CB049DD2419443100DE62F7 /* Frameworks */,
				5CB049DE2419443100DE62F7 /* Resources */,
			);
			buildRules = (
			);
			dependencies = (
			);
			name = Katacoronavirus;
			productName = Katacoronavirus;
			productReference = 5CB049E02419443100DE62F7 /* Katacoronavirus.app */;
			productType = "com.apple.product-type.application";
		};
		5CB049F52419443200DE62F7 /* KatacoronavirusTests */ = {
			isa = PBXNativeTarget;
			buildConfigurationList = 5CB04A022419443200DE62F7 /* Build configuration list for PBXNativeTarget "KatacoronavirusTests" */;
			buildPhases = (
				5CB049F22419443200DE62F7 /* Sources */,
				5CB049F32419443200DE62F7 /* Frameworks */,
				5CB049F42419443200DE62F7 /* Resources */,
			);
			buildRules = (
			);
			dependencies = (
				5CB049F82419443200DE62F7 /* PBXTargetDependency */,
			);
			name = KatacoronavirusTests;
			productName = KatacoronavirusTests;
			productReference = 5CB049F62419443200DE62F7 /* KatacoronavirusTests.xctest */;
			productType = "com.apple.product-type.bundle.unit-test";
		};
/* End PBXNativeTarget section */

/* Begin PBXProject section */
		5CB049D82419443100DE62F7 /* Project object */ = {
			isa = PBXProject;
			attributes = {
				LastSwiftUpdateCheck = 1130;
				LastUpgradeCheck = 1130;
				ORGANIZATIONNAME = es.mercadona.tests;
				TargetAttributes = {
					5CB049DF2419443100DE62F7 = {
						CreatedOnToolsVersion = 11.3.1;
					};
					5CB049F52419443200DE62F7 = {
						CreatedOnToolsVersion = 11.3.1;
						TestTargetID = 5CB049DF2419443100DE62F7;
					};
				};
			};
			buildConfigurationList = 5CB049DB2419443100DE62F7 /* Build configuration list for PBXProject "Katacoronavirus" */;
			compatibilityVersion = "Xcode 9.3";
			developmentRegion = en;
			hasScannedForEncodings = 0;
			knownRegions = (
				en,
				Base,
			);
			mainGroup = 5CB049D72419443100DE62F7;
			productRefGroup = 5CB049E12419443100DE62F7 /* Products */;
			projectDirPath = "";
			projectRoot = "";
			targets = (
				5CB049DF2419443100DE62F7 /* Katacoronavirus */,
				5CB049F52419443200DE62F7 /* KatacoronavirusTests */,
			);
		};
/* End PBXProject section */

/* Begin PBXResourcesBuildPhase section */
		5CB049DE2419443100DE62F7 /* Resources */ = {
			isa = PBXResourcesBuildPhase;
			buildActionMask = 2147483647;
			files = (
				5CB049F02419443200DE62F7 /* LaunchScreen.storyboard in Resources */,
				5CB049ED2419443200DE62F7 /* Assets.xcassets in Resources */,
				5CB049EB2419443100DE62F7 /* Main.storyboard in Resources */,
			);
			runOnlyForDeploymentPostprocessing = 0;
		};
		5CB049F42419443200DE62F7 /* Resources */ = {
			isa = PBXResourcesBuildPhase;
			buildActionMask = 2147483647;
			files = (
			);
			runOnlyForDeploymentPostprocessing = 0;
		};
/* End PBXResourcesBuildPhase section */

/* Begin PBXSourcesBuildPhase section */
		5CB049DC2419443100DE62F7 /* Sources */ = {
			isa = PBXSourcesBuildPhase;
			buildActionMask = 2147483647;
			files = (
				5CB049E82419443100DE62F7 /* ViewController.swift in Sources */,
				5CB049E42419443100DE62F7 /* AppDelegate.swift in Sources */,
				5CB04A062419458100DE62F7 /* Kata.swift in Sources */,
				5CB049E62419443100DE62F7 /* SceneDelegate.swift in Sources */,
			);
			runOnlyForDeploymentPostprocessing = 0;
		};
		5CB049F22419443200DE62F7 /* Sources */ = {
			isa = PBXSourcesBuildPhase;
			buildActionMask = 2147483647;
			files = (
				5CB049FB2419443200DE62F7 /* KatacoronavirusTests.swift in Sources */,
			);
			runOnlyForDeploymentPostprocessing = 0;
		};
/* End PBXSourcesBuildPhase section */

/* Begin PBXTargetDependency section */
		5CB049F82419443200DE62F7 /* PBXTargetDependency */ = {
			isa = PBXTargetDependency;
			target = 5CB049DF2419443100DE62F7 /* Katacoronavirus */;
			targetProxy = 5CB049F72419443200DE62F7 /* PBXContainerItemProxy */;
		};
/* End PBXTargetDependency section */

/* Begin PBXVariantGroup section */
		5CB049E92419443100DE62F7 /* Main.storyboard */ = {
			isa = PBXVariantGroup;
			children = (
				5CB049EA2419443100DE62F7 /* Base */,
			);
			name = Main.storyboard;
			sourceTree = "<group>";
		};
		5CB049EE2419443200DE62F7 /* LaunchScreen.storyboard */ = {
			isa = PBXVariantGroup;
			children = (
				5CB049EF2419443200DE62F7 /* Base */,
			);
			name = LaunchScreen.storyboard;
			sourceTree = "<group>";
		};
/* End PBXVariantGroup section */

/* Begin XCBuildConfiguration section */
		5CB049FD2419443200DE62F7 /* Debug */ = {
			isa = XCBuildConfiguration;
			buildSettings = {
				ALWAYS_SEARCH_USER_PATHS = NO;
				CLANG_ANALYZER_NONNULL = YES;
				CLANG_ANALYZER_NUMBER_OBJECT_CONVERSION = YES_AGGRESSIVE;
				CLANG_CXX_LANGUAGE_STANDARD = "gnu++14";
				CLANG_CXX_LIBRARY = "libc++";
				CLANG_ENABLE_MODULES = YES;
				CLANG_ENABLE_OBJC_ARC = YES;
				CLANG_ENABLE_OBJC_WEAK = YES;
				CLANG_WARN_BLOCK_CAPTURE_AUTORELEASING = YES;
				CLANG_WARN_BOOL_CONVERSION = YES;
				CLANG_WARN_COMMA = YES;
				CLANG_WARN_CONSTANT_CONVERSION = YES;
				CLANG_WARN_DEPRECATED_OBJC_IMPLEMENTATIONS = YES;
				CLANG_WARN_DIRECT_OBJC_ISA_USAGE = YES_ERROR;
				CLANG_WARN_DOCUMENTATION_COMMENTS = YES;
				CLANG_WARN_EMPTY_BODY = YES;
				CLANG_WARN_ENUM_CONVERSION = YES;
				CLANG_WARN_INFINITE_RECURSION = YES;
				CLANG_WARN_INT_CONVERSION = YES;
				CLANG_WARN_NON_LITERAL_NULL_CONVERSION = YES;
				CLANG_WARN_OBJC_IMPLICIT_RETAIN_SELF = YES;
				CLANG_WARN_OBJC_LITERAL_CONVERSION = YES;
				CLANG_WARN_OBJC_ROOT_CLASS = YES_ERROR;
				CLANG_WARN_RANGE_LOOP_ANALYSIS = YES;
				CLANG_WARN_STRICT_PROTOTYPES = YES;
				CLANG_WARN_SUSPICIOUS_MOVE = YES;
				CLANG_WARN_UNGUARDED_AVAILABILITY = YES_AGGRESSIVE;
				CLANG_WARN_UNREACHABLE_CODE = YES;
				CLANG_WARN__DUPLICATE_METHOD_MATCH = YES;
				COPY_PHASE_STRIP = NO;
				DEBUG_INFORMATION_FORMAT = dwarf;
				ENABLE_STRICT_OBJC_MSGSEND = YES;
				ENABLE_TESTABILITY = YES;
				GCC_C_LANGUAGE_STANDARD = gnu11;
				GCC_DYNAMIC_NO_PIC = NO;
				GCC_NO_COMMON_BLOCKS = YES;
				GCC_OPTIMIZATION_LEVEL = 0;
				GCC_PREPROCESSOR_DEFINITIONS = (
					"DEBUG=1",
					"$(inherited)",
				);
				GCC_WARN_64_TO_32_BIT_CONVERSION = YES;
				GCC_WARN_ABOUT_RETURN_TYPE = YES_ERROR;
				GCC_WARN_UNDECLARED_SELECTOR = YES;
				GCC_WARN_UNINITIALIZED_AUTOS = YES_AGGRESSIVE;
				GCC_WARN_UNUSED_FUNCTION = YES;
				GCC_WARN_UNUSED_VARIABLE = YES;
				IPHONEOS_DEPLOYMENT_TARGET = 13.2;
				MTL_ENABLE_DEBUG_INFO = INCLUDE_SOURCE;
				MTL_FAST_MATH = YES;
				ONLY_ACTIVE_ARCH = YES;
				SDKROOT = iphoneos;
				SWIFT_ACTIVE_COMPILATION_CONDITIONS = DEBUG;
				SWIFT_OPTIMIZATION_LEVEL = "-Onone";
			};
			name = Debug;
		};
		5CB049FE2419443200DE62F7 /* Release */ = {
			isa = XCBuildConfiguration;
			buildSettings = {
				ALWAYS_SEARCH_USER_PATHS = NO;
				CLANG_ANALYZER_NONNULL = YES;
				CLANG_ANALYZER_NUMBER_OBJECT_CONVERSION = YES_AGGRESSIVE;
				CLANG_CXX_LANGUAGE_STANDARD = "gnu++14";
				CLANG_CXX_LIBRARY = "libc++";
				CLANG_ENABLE_MODULES = YES;
				CLANG_ENABLE_OBJC_ARC = YES;
				CLANG_ENABLE_OBJC_WEAK = YES;
				CLANG_WARN_BLOCK_CAPTURE_AUTORELEASING = YES;
				CLANG_WARN_BOOL_CONVERSION = YES;
				CLANG_WARN_COMMA = YES;
				CLANG_WARN_CONSTANT_CONVERSION = YES;
				CLANG_WARN_DEPRECATED_OBJC_IMPLEMENTATIONS = YES;
				CLANG_WARN_DIRECT_OBJC_ISA_USAGE = YES_ERROR;
				CLANG_WARN_DOCUMENTATION_COMMENTS = YES;
				CLANG_WARN_EMPTY_BODY = YES;
				CLANG_WARN_ENUM_CONVERSION = YES;
				CLANG_WARN_INFINITE_RECURSION = YES;
				CLANG_WARN_INT_CONVERSION = YES;
				CLANG_WARN_NON_LITERAL_NULL_CONVERSION = YES;
				CLANG_WARN_OBJC_IMPLICIT_RETAIN_SELF = YES;
				CLANG_WARN_OBJC_LITERAL_CONVERSION = YES;
				CLANG_WARN_OBJC_ROOT_CLASS = YES_ERROR;
				CLANG_WARN_RANGE_LOOP_ANALYSIS = YES;
				CLANG_WARN_STRICT_PROTOTYPES = YES;
				CLANG_WARN_SUSPICIOUS_MOVE = YES;
				CLANG_WARN_UNGUARDED_AVAILABILITY = YES_AGGRESSIVE;
				CLANG_WARN_UNREACHABLE_CODE = YES;
				CLANG_WARN__DUPLICATE_METHOD_MATCH = YES;
				COPY_PHASE_STRIP = NO;
				DEBUG_INFORMATION_FORMAT = "dwarf-with-dsym";
				ENABLE_NS_ASSERTIONS = NO;
				ENABLE_STRICT_OBJC_MSGSEND = YES;
				GCC_C_LANGUAGE_STANDARD = gnu11;
				GCC_NO_COMMON_BLOCKS = YES;
				GCC_WARN_64_TO_32_BIT_CONVERSION = YES;
				GCC_WARN_ABOUT_RETURN_TYPE = YES_ERROR;
				GCC_WARN_UNDECLARED_SELECTOR = YES;
				GCC_WARN_UNINITIALIZED_AUTOS = YES_AGGRESSIVE;
				GCC_WARN_UNUSED_FUNCTION = YES;
				GCC_WARN_UNUSED_VARIABLE = YES;
				IPHONEOS_DEPLOYMENT_TARGET = 13.2;
				MTL_ENABLE_DEBUG_INFO = NO;
				MTL_FAST_MATH = YES;
				SDKROOT = iphoneos;
				SWIFT_COMPILATION_MODE = wholemodule;
				SWIFT_OPTIMIZATION_LEVEL = "-O";
				VALIDATE_PRODUCT = YES;
			};
			name = Release;
		};
		5CB04A002419443200DE62F7 /* Debug */ = {
			isa = XCBuildConfiguration;
			buildSettings = {
				ASSETCATALOG_COMPILER_APPICON_NAME = AppIcon;
				CODE_SIGN_STYLE = Automatic;
				INFOPLIST_FILE = Katacoronavirus/Info.plist;
				LD_RUNPATH_SEARCH_PATHS = (
					"$(inherited)",
					"@executable_path/Frameworks",
				);
				PRODUCT_BUNDLE_IDENTIFIER = es.mercadona.tests.Katacoronavirus;
				PRODUCT_NAME = "$(TARGET_NAME)";
				SWIFT_VERSION = 5.0;
				TARGETED_DEVICE_FAMILY = "1,2";
			};
			name = Debug;
		};
		5CB04A012419443200DE62F7 /* Release */ = {
			isa = XCBuildConfiguration;
			buildSettings = {
				ASSETCATALOG_COMPILER_APPICON_NAME = AppIcon;
				CODE_SIGN_STYLE = Automatic;
				INFOPLIST_FILE = Katacoronavirus/Info.plist;
				LD_RUNPATH_SEARCH_PATHS = (
					"$(inherited)",
					"@executable_path/Frameworks",
				);
				PRODUCT_BUNDLE_IDENTIFIER = es.mercadona.tests.Katacoronavirus;
				PRODUCT_NAME = "$(TARGET_NAME)";
				SWIFT_VERSION = 5.0;
				TARGETED_DEVICE_FAMILY = "1,2";
			};
			name = Release;
		};
		5CB04A032419443200DE62F7 /* Debug */ = {
			isa = XCBuildConfiguration;
			buildSettings = {
				ALWAYS_EMBED_SWIFT_STANDARD_LIBRARIES = YES;
				BUNDLE_LOADER = "$(TEST_HOST)";
				CODE_SIGN_STYLE = Automatic;
				INFOPLIST_FILE = KatacoronavirusTests/Info.plist;
				IPHONEOS_DEPLOYMENT_TARGET = 13.2;
				LD_RUNPATH_SEARCH_PATHS = (
					"$(inherited)",
					"@executable_path/Frameworks",
					"@loader_path/Frameworks",
				);
				PRODUCT_BUNDLE_IDENTIFIER = es.mercadona.tests.KatacoronavirusTests;
				PRODUCT_NAME = "$(TARGET_NAME)";
				SWIFT_VERSION = 5.0;
				TARGETED_DEVICE_FAMILY = "1,2";
				TEST_HOST = "$(BUILT_PRODUCTS_DIR)/Katacoronavirus.app/Katacoronavirus";
			};
			name = Debug;
		};
		5CB04A042419443200DE62F7 /* Release */ = {
			isa = XCBuildConfiguration;
			buildSettings = {
				ALWAYS_EMBED_SWIFT_STANDARD_LIBRARIES = YES;
				BUNDLE_LOADER = "$(TEST_HOST)";
				CODE_SIGN_STYLE = Automatic;
				INFOPLIST_FILE = KatacoronavirusTests/Info.plist;
				IPHONEOS_DEPLOYMENT_TARGET = 13.2;
				LD_RUNPATH_SEARCH_PATHS = (
					"$(inherited)",
					"@executable_path/Frameworks",
					"@loader_path/Frameworks",
				);
				PRODUCT_BUNDLE_IDENTIFIER = es.mercadona.tests.KatacoronavirusTests;
				PRODUCT_NAME = "$(TARGET_NAME)";
				SWIFT_VERSION = 5.0;
				TARGETED_DEVICE_FAMILY = "1,2";
				TEST_HOST = "$(BUILT_PRODUCTS_DIR)/Katacoronavirus.app/Katacoronavirus";
			};
			name = Release;
		};
/* End XCBuildConfiguration section */

/* Begin XCConfigurationList section */
		5CB049DB2419443100DE62F7 /* Build configuration list for PBXProject "Katacoronavirus" */ = {
			isa = XCConfigurationList;
			buildConfigurations = (
				5CB049FD2419443200DE62F7 /* Debug */,
				5CB049FE2419443200DE62F7 /* Release */,
			);
			defaultConfigurationIsVisible = 0;
			defaultConfigurationName = Release;
		};
		5CB049FF2419443200DE62F7 /* Build configuration list for PBXNativeTarget "Katacoronavirus" */ = {
			isa = XCConfigurationList;
			buildConfigurations = (
				5CB04A002419443200DE62F7 /* Debug */,
				5CB04A012419443200DE62F7 /* Release */,
			);
			defaultConfigurationIsVisible = 0;
			defaultConfigurationName = Release;
		};
		5CB04A022419443200DE62F7 /* Build configuration list for PBXNativeTarget "KatacoronavirusTests" */ = {
			isa = XCConfigurationList;
			buildConfigurations = (
				5CB04A032419443200DE62F7 /* Debug */,
				5CB04A042419443200DE62F7 /* Release */,
			);
			defaultConfigurationIsVisible = 0;
			defaultConfigurationName = Release;
		};
/* End XCConfigurationList section */
	};
	rootObject = 5CB049D82419443100DE62F7 /* Project object */;
}
